
Microsoft Visual Studio Solution File, Format Version 12.00
# Visual Studio Version 17
VisualStudioVersion = 17.11.35312.102
MinimumVisualStudioVersion = 10.0.40219.1
Project("{FAE04EC0-301F-11D3-BF4B-00C04F79EFBC}") = "Excepciones", "Excepciones\Excepciones.csproj", "{4259BD36-16FE-4BA4-A28B-3D6B51690222}"
EndProject
Global
	GlobalSection(SolutionConfigurationPlatforms) = preSolution
		Debug|Any CPU = Debug|Any CPU
		Release|Any CPU = Release|Any CPU
	EndGlobalSection
	GlobalSection(ProjectConfigurationPlatforms) = postSolution
		{4259BD36-16FE-4BA4-A28B-3D6B51690222}.Debug|Any CPU.ActiveCfg = Debug|Any CPU
		{4259BD36-16FE-4BA4-A28B-3D6B51690222}.Debug|Any CPU.Build.0 = Debug|Any CPU
		{4259BD36-16FE-4BA4-A28B-3D6B51690222}.Release|Any CPU.ActiveCfg = Release|Any CPU
		{4259BD36-16FE-4BA4-A28B-3D6B51690222}.Release|Any CPU.Build.0 = Release|Any CPU
	EndGlobalSection
	GlobalSection(SolutionProperties) = preSolution
		HideSolutionNode = FALSE
	EndGlobalSection
	GlobalSection(ExtensibilityGlobals) = postSolution
		SolutionGuid = {5AAD4EEC-CF6D-4A3D-9546-C3C66C5C2865}
	EndGlobalSection
EndGlobal
