
Microsoft Visual Studio Solution File, Format Version 12.00
# Visual Studio Version 17
VisualStudioVersion = 17.11.35327.3
MinimumVisualStudioVersion = 10.0.40219.1
Project("{FAE04EC0-301F-11D3-BF4B-00C04F79EFBC}") = "Patron-Factory-Method", "Patron-Factory-Method\Patron-Factory-Method.csproj", "{3BA2ED64-3B83-4108-8810-614BE3156B46}"
EndProject
Global
	GlobalSection(SolutionConfigurationPlatforms) = preSolution
		Debug|Any CPU = Debug|Any CPU
		Release|Any CPU = Release|Any CPU
	EndGlobalSection
	GlobalSection(ProjectConfigurationPlatforms) = postSolution
		{3BA2ED64-3B83-4108-8810-614BE3156B46}.Debug|Any CPU.ActiveCfg = Debug|Any CPU
		{3BA2ED64-3B83-4108-8810-614BE3156B46}.Debug|Any CPU.Build.0 = Debug|Any CPU
		{3BA2ED64-3B83-4108-8810-614BE3156B46}.Release|Any CPU.ActiveCfg = Release|Any CPU
		{3BA2ED64-3B83-4108-8810-614BE3156B46}.Release|Any CPU.Build.0 = Release|Any CPU
	EndGlobalSection
	GlobalSection(SolutionProperties) = preSolution
		HideSolutionNode = FALSE
	EndGlobalSection
	GlobalSection(ExtensibilityGlobals) = postSolution
		SolutionGuid = {1A500E0A-E77C-4FD6-B64C-BAB04F035267}
	EndGlobalSection
EndGlobal
