
Microsoft Visual Studio Solution File, Format Version 12.00
# Visual Studio Version 17
VisualStudioVersion = 17.11.35327.3
MinimumVisualStudioVersion = 10.0.40219.1
Project("{FAE04EC0-301F-11D3-BF4B-00C04F79EFBC}") = "TallerLINQ", "TallerLINQ\TallerLINQ.csproj", "{EDB2A577-75D2-4CFB-8E0E-D91AE9E66BF7}"
EndProject
Global
	GlobalSection(SolutionConfigurationPlatforms) = preSolution
		Debug|Any CPU = Debug|Any CPU
		Release|Any CPU = Release|Any CPU
	EndGlobalSection
	GlobalSection(ProjectConfigurationPlatforms) = postSolution
		{EDB2A577-75D2-4CFB-8E0E-D91AE9E66BF7}.Debug|Any CPU.ActiveCfg = Debug|Any CPU
		{EDB2A577-75D2-4CFB-8E0E-D91AE9E66BF7}.Debug|Any CPU.Build.0 = Debug|Any CPU
		{EDB2A577-75D2-4CFB-8E0E-D91AE9E66BF7}.Release|Any CPU.ActiveCfg = Release|Any CPU
		{EDB2A577-75D2-4CFB-8E0E-D91AE9E66BF7}.Release|Any CPU.Build.0 = Release|Any CPU
	EndGlobalSection
	GlobalSection(SolutionProperties) = preSolution
		HideSolutionNode = FALSE
	EndGlobalSection
	GlobalSection(ExtensibilityGlobals) = postSolution
		SolutionGuid = {352B028D-24A7-4914-8EE9-CED7EBE98EBE}
	EndGlobalSection
EndGlobal
